
Microsoft Visual Studio Solution File, Format Version 12.00
# Visual Studio Version 16
VisualStudioVersion = 16.0.29020.237
MinimumVisualStudioVersion = 10.0.40219.1
Project("{9A19103F-16F7-4668-BE54-9A1E7A4F7556}") = "DatingApp.API", "DatingApp.API.csproj", "{73DB683D-94AB-443E-8C04-91D160281B7A}"
EndProject
Global
	GlobalSection(SolutionConfigurationPlatforms) = preSolution
		Debug|Any CPU = Debug|Any CPU
		Release|Any CPU = Release|Any CPU
	EndGlobalSection
	GlobalSection(ProjectConfigurationPlatforms) = postSolution
		{73DB683D-94AB-443E-8C04-91D160281B7A}.Debug|Any CPU.ActiveCfg = Debug|Any CPU
		{73DB683D-94AB-443E-8C04-91D160281B7A}.Debug|Any CPU.Build.0 = Debug|Any CPU
		{73DB683D-94AB-443E-8C04-91D160281B7A}.Release|Any CPU.ActiveCfg = Release|Any CPU
		{73DB683D-94AB-443E-8C04-91D160281B7A}.Release|Any CPU.Build.0 = Release|Any CPU
	EndGlobalSection
	GlobalSection(SolutionProperties) = preSolution
		HideSolutionNode = FALSE
	EndGlobalSection
	GlobalSection(ExtensibilityGlobals) = postSolution
		SolutionGuid = {F080BEE0-F661-4C85-A2BE-64883E0D76E7}
	EndGlobalSection
EndGlobal
